<?xml version="1.0" encoding="utf-8"?>
<Project ToolsVersion="4.0" xmlns="http://schemas.microsoft.com/developer/msbuild/2003">
  <ItemGroup>
    <Filter Include="Network">
      <UniqueIdentifier>{ae5aa17b-8e33-4f4c-8329-ee7d36edbd13}</UniqueIdentifier>
    </Filter>
    <Filter Include="Utils">
      <UniqueIdentifier>{2b352fef-7eb6-49c2-9b42-d366d0fae1f5}</UniqueIdentifier>
    </Filter>
  </ItemGroup>
  <ItemGroup>
    <ClInclude Include="pch.h">
      <Filter>Utils</Filter>
    </ClInclude>
    <ClInclude Include="CorePch.h">
      <Filter>Utils</Filter>
    </ClInclude>
    <ClInclude Include="Types.h">
      <Filter>Utils</Filter>
    </ClInclude>
  </ItemGroup>
  <ItemGroup>
    <ClCompile Include="pch.cpp">
      <Filter>Utils</Filter>
    </ClCompile>
    <ClCompile Include="CorePch.cpp">
      <Filter>Utils</Filter>
    </ClCompile>
  </ItemGroup>
</Project>